// !$*UTF8*$!
{
	archiveVersion = 1;
	classes = {
	};
	objectVersion = 50;
	objects = {

/* Begin PBXBuildFile section */
		950F0C85212313FD0006F428 /* PopulateTables.swift in Sources */ = {isa = PBXBuildFile; fileRef = 950F0C84212313FD0006F428 /* PopulateTables.swift */; };
		951561B021086EDB003C9712 /* SQLiteDatabase.swift in Sources */ = {isa = PBXBuildFile; fileRef = 951561AF21086EDB003C9712 /* SQLiteDatabase.swift */; };
		951561B321086F94003C9712 /* libsqlite3.tbd in Frameworks */ = {isa = PBXBuildFile; fileRef = 951561B221086F94003C9712 /* libsqlite3.tbd */; };
		959359642105B126006C6DD1 /* AppDelegate.swift in Sources */ = {isa = PBXBuildFile; fileRef = 959359632105B126006C6DD1 /* AppDelegate.swift */; };
		959359662105B126006C6DD1 /* ViewController.swift in Sources */ = {isa = PBXBuildFile; fileRef = 959359652105B126006C6DD1 /* ViewController.swift */; };
		959359692105B126006C6DD1 /* Main.storyboard in Resources */ = {isa = PBXBuildFile; fileRef = 959359672105B126006C6DD1 /* Main.storyboard */; };
		9593596B2105B128006C6DD1 /* Assets.xcassets in Resources */ = {isa = PBXBuildFile; fileRef = 9593596A2105B128006C6DD1 /* Assets.xcassets */; };
		9593596E2105B128006C6DD1 /* LaunchScreen.storyboard in Resources */ = {isa = PBXBuildFile; fileRef = 9593596C2105B128006C6DD1 /* LaunchScreen.storyboard */; };
		959359762105CCFA006C6DD1 /* Message.swift in Sources */ = {isa = PBXBuildFile; fileRef = 959359752105CCFA006C6DD1 /* Message.swift */; };
		9593597C2105EE55006C6DD1 /* SMSViewController.swift in Sources */ = {isa = PBXBuildFile; fileRef = 9593597B2105EE55006C6DD1 /* SMSViewController.swift */; };
/* End PBXBuildFile section */

/* Begin PBXFileReference section */
		950F0C84212313FD0006F428 /* PopulateTables.swift */ = {isa = PBXFileReference; lastKnownFileType = sourcecode.swift; path = PopulateTables.swift; sourceTree = "<group>"; };
		951561AF21086EDB003C9712 /* SQLiteDatabase.swift */ = {isa = PBXFileReference; lastKnownFileType = sourcecode.swift; path = SQLiteDatabase.swift; sourceTree = "<group>"; };
		951561B221086F94003C9712 /* libsqlite3.tbd */ = {isa = PBXFileReference; lastKnownFileType = "sourcecode.text-based-dylib-definition"; name = libsqlite3.tbd; path = usr/lib/libsqlite3.tbd; sourceTree = SDKROOT; };
		959359602105B126006C6DD1 /* SMS Collection.app */ = {isa = PBXFileReference; explicitFileType = wrapper.application; includeInIndex = 0; path = "SMS Collection.app"; sourceTree = BUILT_PRODUCTS_DIR; };
		959359632105B126006C6DD1 /* AppDelegate.swift */ = {isa = PBXFileReference; lastKnownFileType = sourcecode.swift; path = AppDelegate.swift; sourceTree = "<group>"; };
		959359652105B126006C6DD1 /* ViewController.swift */ = {isa = PBXFileReference; lastKnownFileType = sourcecode.swift; path = ViewController.swift; sourceTree = "<group>"; };
		959359682105B126006C6DD1 /* Base */ = {isa = PBXFileReference; lastKnownFileType = file.storyboard; name = Base; path = Base.lproj/Main.storyboard; sourceTree = "<group>"; };
		9593596A2105B128006C6DD1 /* Assets.xcassets */ = {isa = PBXFileReference; lastKnownFileType = folder.assetcatalog; path = Assets.xcassets; sourceTree = "<group>"; };
		9593596D2105B128006C6DD1 /* Base */ = {isa = PBXFileReference; lastKnownFileType = file.storyboard; name = Base; path = Base.lproj/LaunchScreen.storyboard; sourceTree = "<group>"; };
		9593596F2105B128006C6DD1 /* Info.plist */ = {isa = PBXFileReference; lastKnownFileType = text.plist.xml; path = Info.plist; sourceTree = "<group>"; };
		959359752105CCFA006C6DD1 /* Message.swift */ = {isa = PBXFileReference; lastKnownFileType = sourcecode.swift; path = Message.swift; sourceTree = "<group>"; };
		9593597B2105EE55006C6DD1 /* SMSViewController.swift */ = {isa = PBXFileReference; lastKnownFileType = sourcecode.swift; path = SMSViewController.swift; sourceTree = "<group>"; };
/* End PBXFileReference section */

/* Begin PBXFrameworksBuildPhase section */
		9593595D2105B126006C6DD1 /* Frameworks */ = {
			isa = PBXFrameworksBuildPhase;
			buildActionMask = 2147483647;
			files = (
				951561B321086F94003C9712 /* libsqlite3.tbd in Frameworks */,
			);
			runOnlyForDeploymentPostprocessing = 0;
		};
/* End PBXFrameworksBuildPhase section */

/* Begin PBXGroup section */
		951561AE21086E9C003C9712 /* Service */ = {
			isa = PBXGroup;
			children = (
				951561AF21086EDB003C9712 /* SQLiteDatabase.swift */,
			);
			path = Service;
			sourceTree = "<group>";
		};
		951561B121086F93003C9712 /* Frameworks */ = {
			isa = PBXGroup;
			children = (
				951561B221086F94003C9712 /* libsqlite3.tbd */,
			);
			name = Frameworks;
			sourceTree = "<group>";
		};
		959359572105B126006C6DD1 = {
			isa = PBXGroup;
			children = (
				959359622105B126006C6DD1 /* SMS Collection */,
				959359612105B126006C6DD1 /* Products */,
				951561B121086F93003C9712 /* Frameworks */,
			);
			sourceTree = "<group>";
		};
		959359612105B126006C6DD1 /* Products */ = {
			isa = PBXGroup;
			children = (
				959359602105B126006C6DD1 /* SMS Collection.app */,
			);
			name = Products;
			sourceTree = "<group>";
		};
		959359622105B126006C6DD1 /* SMS Collection */ = {
			isa = PBXGroup;
			children = (
				959359632105B126006C6DD1 /* AppDelegate.swift */,
				959359652105B126006C6DD1 /* ViewController.swift */,
				9593597B2105EE55006C6DD1 /* SMSViewController.swift */,
				959359672105B126006C6DD1 /* Main.storyboard */,
				9593596A2105B128006C6DD1 /* Assets.xcassets */,
				9593596C2105B128006C6DD1 /* LaunchScreen.storyboard */,
				9593596F2105B128006C6DD1 /* Info.plist */,
				951561AE21086E9C003C9712 /* Service */,
				9593597A2105DA73006C6DD1 /* Model */,
			);
			path = "SMS Collection";
			sourceTree = "<group>";
		};
		9593597A2105DA73006C6DD1 /* Model */ = {
			isa = PBXGroup;
			children = (
				959359752105CCFA006C6DD1 /* Message.swift */,
				950F0C84212313FD0006F428 /* PopulateTables.swift */,
			);
			path = Model;
			sourceTree = "<group>";
		};
/* End PBXGroup section */

/* Begin PBXNativeTarget section */
		9593595F2105B126006C6DD1 /* SMS Collection */ = {
			isa = PBXNativeTarget;
			buildConfigurationList = 959359722105B128006C6DD1 /* Build configuration list for PBXNativeTarget "SMS Collection" */;
			buildPhases = (
				9593595C2105B126006C6DD1 /* Sources */,
				9593595D2105B126006C6DD1 /* Frameworks */,
				9593595E2105B126006C6DD1 /* Resources */,
			);
			buildRules = (
			);
			dependencies = (
			);
			name = "SMS Collection";
			productName = "SMS Collection";
			productReference = 959359602105B126006C6DD1 /* SMS Collection.app */;
			productType = "com.apple.product-type.application";
		};
/* End PBXNativeTarget section */

/* Begin PBXProject section */
		959359582105B126006C6DD1 /* Project object */ = {
			isa = PBXProject;
			attributes = {
				LastSwiftUpdateCheck = 0940;
				LastUpgradeCheck = 0940;
				ORGANIZATIONNAME = Sumit;
				TargetAttributes = {
					9593595F2105B126006C6DD1 = {
						CreatedOnToolsVersion = 9.4.1;
					};
				};
			};
			buildConfigurationList = 9593595B2105B126006C6DD1 /* Build configuration list for PBXProject "SMS Collection" */;
			compatibilityVersion = "Xcode 9.3";
			developmentRegion = en;
			hasScannedForEncodings = 0;
			knownRegions = (
				en,
				Base,
			);
			mainGroup = 959359572105B126006C6DD1;
			productRefGroup = 959359612105B126006C6DD1 /* Products */;
			projectDirPath = "";
			projectRoot = "";
			targets = (
				9593595F2105B126006C6DD1 /* SMS Collection */,
			);
		};
/* End PBXProject section */

/* Begin PBXResourcesBuildPhase section */
		9593595E2105B126006C6DD1 /* Resources */ = {
			isa = PBXResourcesBuildPhase;
			buildActionMask = 2147483647;
			files = (
				9593596E2105B128006C6DD1 /* LaunchScreen.storyboard in Resources */,
				9593596B2105B128006C6DD1 /* Assets.xcassets in Resources */,
				959359692105B126006C6DD1 /* Main.storyboard in Resources */,
			);
			runOnlyForDeploymentPostprocessing = 0;
		};
/* End PBXResourcesBuildPhase section */

/* Begin PBXSourcesBuildPhase section */
		9593595C2105B126006C6DD1 /* Sources */ = {
			isa = PBXSourcesBuildPhase;
			buildActionMask = 2147483647;
			files = (
				950F0C85212313FD0006F428 /* PopulateTables.swift in Sources */,
				959359762105CCFA006C6DD1 /* Message.swift in Sources */,
				951561B021086EDB003C9712 /* SQLiteDatabase.swift in Sources */,
				959359662105B126006C6DD1 /* ViewController.swift in Sources */,
				9593597C2105EE55006C6DD1 /* SMSViewController.swift in Sources */,
				959359642105B126006C6DD1 /* AppDelegate.swift in Sources */,
			);
			runOnlyForDeploymentPostprocessing = 0;
		};
/* End PBXSourcesBuildPhase section */

/* Begin PBXVariantGroup section */
		959359672105B126006C6DD1 /* Main.storyboard */ = {
			isa = PBXVariantGroup;
			children = (
				959359682105B126006C6DD1 /* Base */,
			);
			name = Main.storyboard;
			sourceTree = "<group>";
		};
		9593596C2105B128006C6DD1 /* LaunchScreen.storyboard */ = {
			isa = PBXVariantGroup;
			children = (
				9593596D2105B128006C6DD1 /* Base */,
			);
			name = LaunchScreen.storyboard;
			sourceTree = "<group>";
		};
/* End PBXVariantGroup section */

/* Begin XCBuildConfiguration section */
		959359702105B128006C6DD1 /* Debug */ = {
			isa = XCBuildConfiguration;
			buildSettings = {
				ALWAYS_SEARCH_USER_PATHS = NO;
				CLANG_ANALYZER_NONNULL = YES;
				CLANG_ANALYZER_NUMBER_OBJECT_CONVERSION = YES_AGGRESSIVE;
				CLANG_CXX_LANGUAGE_STANDARD = "gnu++14";
				CLANG_CXX_LIBRARY = "libc++";
				CLANG_ENABLE_MODULES = YES;
				CLANG_ENABLE_OBJC_ARC = YES;
				CLANG_ENABLE_OBJC_WEAK = YES;
				CLANG_WARN_BLOCK_CAPTURE_AUTORELEASING = YES;
				CLANG_WARN_BOOL_CONVERSION = YES;
				CLANG_WARN_COMMA = YES;
				CLANG_WARN_CONSTANT_CONVERSION = YES;
				CLANG_WARN_DEPRECATED_OBJC_IMPLEMENTATIONS = YES;
				CLANG_WARN_DIRECT_OBJC_ISA_USAGE = YES_ERROR;
				CLANG_WARN_DOCUMENTATION_COMMENTS = YES;
				CLANG_WARN_EMPTY_BODY = YES;
				CLANG_WARN_ENUM_CONVERSION = YES;
				CLANG_WARN_INFINITE_RECURSION = YES;
				CLANG_WARN_INT_CONVERSION = YES;
				CLANG_WARN_NON_LITERAL_NULL_CONVERSION = YES;
				CLANG_WARN_OBJC_IMPLICIT_RETAIN_SELF = YES;
				CLANG_WARN_OBJC_LITERAL_CONVERSION = YES;
				CLANG_WARN_OBJC_ROOT_CLASS = YES_ERROR;
				CLANG_WARN_RANGE_LOOP_ANALYSIS = YES;
				CLANG_WARN_STRICT_PROTOTYPES = YES;
				CLANG_WARN_SUSPICIOUS_MOVE = YES;
				CLANG_WARN_UNGUARDED_AVAILABILITY = YES_AGGRESSIVE;
				CLANG_WARN_UNREACHABLE_CODE = YES;
				CLANG_WARN__DUPLICATE_METHOD_MATCH = YES;
				CODE_SIGN_IDENTITY = "iPhone Developer";
				COPY_PHASE_STRIP = NO;
				DEBUG_INFORMATION_FORMAT = dwarf;
				ENABLE_STRICT_OBJC_MSGSEND = YES;
				ENABLE_TESTABILITY = YES;
				GCC_C_LANGUAGE_STANDARD = gnu11;
				GCC_DYNAMIC_NO_PIC = NO;
				GCC_NO_COMMON_BLOCKS = YES;
				GCC_OPTIMIZATION_LEVEL = 0;
				GCC_PREPROCESSOR_DEFINITIONS = (
					"DEBUG=1",
					"$(inherited)",
				);
				GCC_WARN_64_TO_32_BIT_CONVERSION = YES;
				GCC_WARN_ABOUT_RETURN_TYPE = YES_ERROR;
				GCC_WARN_UNDECLARED_SELECTOR = YES;
				GCC_WARN_UNINITIALIZED_AUTOS = YES_AGGRESSIVE;
				GCC_WARN_UNUSED_FUNCTION = YES;
				GCC_WARN_UNUSED_VARIABLE = YES;
				IPHONEOS_DEPLOYMENT_TARGET = 11.4;
				MTL_ENABLE_DEBUG_INFO = YES;
				ONLY_ACTIVE_ARCH = YES;
				SDKROOT = iphoneos;
				SWIFT_ACTIVE_COMPILATION_CONDITIONS = DEBUG;
				SWIFT_OPTIMIZATION_LEVEL = "-Onone";
			};
			name = Debug;
		};
		959359712105B128006C6DD1 /* Release */ = {
			isa = XCBuildConfiguration;
			buildSettings = {
				ALWAYS_SEARCH_USER_PATHS = NO;
				CLANG_ANALYZER_NONNULL = YES;
				CLANG_ANALYZER_NUMBER_OBJECT_CONVERSION = YES_AGGRESSIVE;
				CLANG_CXX_LANGUAGE_STANDARD = "gnu++14";
				CLANG_CXX_LIBRARY = "libc++";
				CLANG_ENABLE_MODULES = YES;
				CLANG_ENABLE_OBJC_ARC = YES;
				CLANG_ENABLE_OBJC_WEAK = YES;
				CLANG_WARN_BLOCK_CAPTURE_AUTORELEASING = YES;
				CLANG_WARN_BOOL_CONVERSION = YES;
				CLANG_WARN_COMMA = YES;
				CLANG_WARN_CONSTANT_CONVERSION = YES;
				CLANG_WARN_DEPRECATED_OBJC_IMPLEMENTATIONS = YES;
				CLANG_WARN_DIRECT_OBJC_ISA_USAGE = YES_ERROR;
				CLANG_WARN_DOCUMENTATION_COMMENTS = YES;
				CLANG_WARN_EMPTY_BODY = YES;
				CLANG_WARN_ENUM_CONVERSION = YES;
				CLANG_WARN_INFINITE_RECURSION = YES;
				CLANG_WARN_INT_CONVERSION = YES;
				CLANG_WARN_NON_LITERAL_NULL_CONVERSION = YES;
				CLANG_WARN_OBJC_IMPLICIT_RETAIN_SELF = YES;
				CLANG_WARN_OBJC_LITERAL_CONVERSION = YES;
				CLANG_WARN_OBJC_ROOT_CLASS = YES_ERROR;
				CLANG_WARN_RANGE_LOOP_ANALYSIS = YES;
				CLANG_WARN_STRICT_PROTOTYPES = YES;
				CLANG_WARN_SUSPICIOUS_MOVE = YES;
				CLANG_WARN_UNGUARDED_AVAILABILITY = YES_AGGRESSIVE;
				CLANG_WARN_UNREACHABLE_CODE = YES;
				CLANG_WARN__DUPLICATE_METHOD_MATCH = YES;
				CODE_SIGN_IDENTITY = "iPhone Developer";
				COPY_PHASE_STRIP = NO;
				DEBUG_INFORMATION_FORMAT = "dwarf-with-dsym";
				ENABLE_NS_ASSERTIONS = NO;
				ENABLE_STRICT_OBJC_MSGSEND = YES;
				GCC_C_LANGUAGE_STANDARD = gnu11;
				GCC_NO_COMMON_BLOCKS = YES;
				GCC_WARN_64_TO_32_BIT_CONVERSION = YES;
				GCC_WARN_ABOUT_RETURN_TYPE = YES_ERROR;
				GCC_WARN_UNDECLARED_SELECTOR = YES;
				GCC_WARN_UNINITIALIZED_AUTOS = YES_AGGRESSIVE;
				GCC_WARN_UNUSED_FUNCTION = YES;
				GCC_WARN_UNUSED_VARIABLE = YES;
				IPHONEOS_DEPLOYMENT_TARGET = 11.4;
				MTL_ENABLE_DEBUG_INFO = NO;
				SDKROOT = iphoneos;
				SWIFT_COMPILATION_MODE = wholemodule;
				SWIFT_OPTIMIZATION_LEVEL = "-O";
				VALIDATE_PRODUCT = YES;
			};
			name = Release;
		};
		959359732105B128006C6DD1 /* Debug */ = {
			isa = XCBuildConfiguration;
			buildSettings = {
				ASSETCATALOG_COMPILER_APPICON_NAME = AppIcon;
				CODE_SIGN_STYLE = Automatic;
				DEVELOPMENT_TEAM = 6VU8BC9SZP;
				INFOPLIST_FILE = "SMS Collection/Info.plist";
				LD_RUNPATH_SEARCH_PATHS = (
					"$(inherited)",
					"@executable_path/Frameworks",
				);
				PRODUCT_BUNDLE_IDENTIFIER = "sumit.SMS-Collection";
				PRODUCT_NAME = "$(TARGET_NAME)";
				SWIFT_VERSION = 4.0;
				TARGETED_DEVICE_FAMILY = "1,2";
			};
			name = Debug;
		};
		959359742105B128006C6DD1 /* Release */ = {
			isa = XCBuildConfiguration;
			buildSettings = {
				ASSETCATALOG_COMPILER_APPICON_NAME = AppIcon;
				CODE_SIGN_STYLE = Automatic;
				DEVELOPMENT_TEAM = 6VU8BC9SZP;
				INFOPLIST_FILE = "SMS Collection/Info.plist";
				LD_RUNPATH_SEARCH_PATHS = (
					"$(inherited)",
					"@executable_path/Frameworks",
				);
				PRODUCT_BUNDLE_IDENTIFIER = "sumit.SMS-Collection";
				PRODUCT_NAME = "$(TARGET_NAME)";
				SWIFT_VERSION = 4.0;
				TARGETED_DEVICE_FAMILY = "1,2";
			};
			name = Release;
		};
/* End XCBuildConfiguration section */

/* Begin XCConfigurationList section */
		9593595B2105B126006C6DD1 /* Build configuration list for PBXProject "SMS Collection" */ = {
			isa = XCConfigurationList;
			buildConfigurations = (
				959359702105B128006C6DD1 /* Debug */,
				959359712105B128006C6DD1 /* Release */,
			);
			defaultConfigurationIsVisible = 0;
			defaultConfigurationName = Release;
		};
		959359722105B128006C6DD1 /* Build configuration list for PBXNativeTarget "SMS Collection" */ = {
			isa = XCConfigurationList;
			buildConfigurations = (
				959359732105B128006C6DD1 /* Debug */,
				959359742105B128006C6DD1 /* Release */,
			);
			defaultConfigurationIsVisible = 0;
			defaultConfigurationName = Release;
		};
/* End XCConfigurationList section */
	};
	rootObject = 959359582105B126006C6DD1 /* Project object */;
}
